// !$*UTF8*$!
{
	archiveVersion = 1;
	classes = {
	};
	objectVersion = 77;
	objects = {

/* Begin PBXBuildFile section */
		43AC280EFD33CAFD01833483 /* Pods_SwiftSuper.framework in Frameworks */ = {isa = PBXBuildFile; fileRef = D5E561EC26A7688262952636 /* Pods_SwiftSuper.framework */; };
		A10D05EB2F12DB9900C5E7CD /* PrayerTime in Frameworks */ = {isa = PBXBuildFile; productRef = A10D05EA2F12DB9900C5E7CD /* PrayerTime */; };
		A19946022F12D5E800E0D76E /* Core in Frameworks */ = {isa = PBXBuildFile; productRef = A19946012F12D5E800E0D76E /* Core */; };
		A199460D2F12D8A800E0D76E /* Books in Frameworks */ = {isa = PBXBuildFile; productRef = A199460C2F12D8A800E0D76E /* Books */; };
		A1E6AA512F12C41F0076F70D /* Core in Frameworks */ = {isa = PBXBuildFile; productRef = A1E6AA502F12C41F0076F70D /* Core */; };
		A1E6AA542F12C4340076F70D /* Books in Frameworks */ = {isa = PBXBuildFile; productRef = A1E6AA532F12C4340076F70D /* Books */; };
		A1E6AA572F12C4570076F70D /* PrayerTime in Frameworks */ = {isa = PBXBuildFile; productRef = A1E6AA562F12C4570076F70D /* PrayerTime */; };
		E52E2CAB214AC46C6EEB0D20 /* PrivacyInfo.xcprivacy in Resources */ = {isa = PBXBuildFile; fileRef = AD717FDB04984D34A86A7F5A /* PrivacyInfo.xcprivacy */; };
/* End PBXBuildFile section */

/* Begin PBXFileReference section */
		5BF32215B5B22709F541BB6F /* Pods-SwiftSuper.release.xcconfig */ = {isa = PBXFileReference; includeInIndex = 1; lastKnownFileType = text.xcconfig; name = "Pods-SwiftSuper.release.xcconfig"; path = "Target Support Files/Pods-SwiftSuper/Pods-SwiftSuper.release.xcconfig"; sourceTree = "<group>"; };
		A1E6AA2A2F12A83D0076F70D /* SwiftSuper.app */ = {isa = PBXFileReference; explicitFileType = wrapper.application; includeInIndex = 0; path = SwiftSuper.app; sourceTree = BUILT_PRODUCTS_DIR; };
		AD717FDB04984D34A86A7F5A /* PrivacyInfo.xcprivacy */ = {isa = PBXFileReference; includeInIndex = 1; lastKnownFileType = text.xml; path = PrivacyInfo.xcprivacy; sourceTree = "<group>"; };
		C51371971752CE953BB8D079 /* Pods-SwiftSuper.debug.xcconfig */ = {isa = PBXFileReference; includeInIndex = 1; lastKnownFileType = text.xcconfig; name = "Pods-SwiftSuper.debug.xcconfig"; path = "Target Support Files/Pods-SwiftSuper/Pods-SwiftSuper.debug.xcconfig"; sourceTree = "<group>"; };
		D5E561EC26A7688262952636 /* Pods_SwiftSuper.framework */ = {isa = PBXFileReference; explicitFileType = wrapper.framework; includeInIndex = 0; path = Pods_SwiftSuper.framework; sourceTree = BUILT_PRODUCTS_DIR; };
/* End PBXFileReference section */

/* Begin PBXFileSystemSynchronizedRootGroup section */
		A1E6AA2C2F12A83D0076F70D /* SwiftSuper */ = {
			isa = PBXFileSystemSynchronizedRootGroup;
			path = SwiftSuper;
			sourceTree = "<group>";
		};
/* End PBXFileSystemSynchronizedRootGroup section */

/* Begin PBXFrameworksBuildPhase section */
		A1E6AA272F12A83D0076F70D /* Frameworks */ = {
			isa = PBXFrameworksBuildPhase;
			buildActionMask = 2147483647;
			files = (
				A1E6AA512F12C41F0076F70D /* Core in Frameworks */,
				A199460D2F12D8A800E0D76E /* Books in Frameworks */,
				A19946022F12D5E800E0D76E /* Core in Frameworks */,
				A1E6AA572F12C4570076F70D /* PrayerTime in Frameworks */,
				A10D05EB2F12DB9900C5E7CD /* PrayerTime in Frameworks */,
				A1E6AA542F12C4340076F70D /* Books in Frameworks */,
				43AC280EFD33CAFD01833483 /* Pods_SwiftSuper.framework in Frameworks */,
			);
			runOnlyForDeploymentPostprocessing = 0;
		};
/* End PBXFrameworksBuildPhase section */

/* Begin PBXGroup section */
		0D08380B060C28DB91431E6C /* Pods */ = {
			isa = PBXGroup;
			children = (
				C51371971752CE953BB8D079 /* Pods-SwiftSuper.debug.xcconfig */,
				5BF32215B5B22709F541BB6F /* Pods-SwiftSuper.release.xcconfig */,
			);
			path = Pods;
			sourceTree = "<group>";
		};
		256143B2DF64671D564D72ED /* Frameworks */ = {
			isa = PBXGroup;
			children = (
				D5E561EC26A7688262952636 /* Pods_SwiftSuper.framework */,
			);
			name = Frameworks;
			sourceTree = "<group>";
		};
		A1E6AA212F12A83D0076F70D = {
			isa = PBXGroup;
			children = (
				A1E6AA2C2F12A83D0076F70D /* SwiftSuper */,
				A1E6AA2B2F12A83D0076F70D /* Products */,
				AD717FDB04984D34A86A7F5A /* PrivacyInfo.xcprivacy */,
				0D08380B060C28DB91431E6C /* Pods */,
				256143B2DF64671D564D72ED /* Frameworks */,
			);
			sourceTree = "<group>";
		};
		A1E6AA2B2F12A83D0076F70D /* Products */ = {
			isa = PBXGroup;
			children = (
				A1E6AA2A2F12A83D0076F70D /* SwiftSuper.app */,
			);
			name = Products;
			sourceTree = "<group>";
		};
/* End PBXGroup section */

/* Begin PBXNativeTarget section */
		A1E6AA292F12A83D0076F70D /* SwiftSuper */ = {
			isa = PBXNativeTarget;
			buildConfigurationList = A1E6AA352F12A83E0076F70D /* Build configuration list for PBXNativeTarget "SwiftSuper" */;
			buildPhases = (
				E6B78FBDD5A48A5AA66D09B2 /* [CP] Check Pods Manifest.lock */,
				A1E6AA262F12A83D0076F70D /* Sources */,
				A1E6AA272F12A83D0076F70D /* Frameworks */,
				A1E6AA282F12A83D0076F70D /* Resources */,
				5EDC1B1BB808A68D349BF5F4 /* [CP] Embed Pods Frameworks */,
				193CC3331E2081FC1031FEF4 /* [CP] Copy Pods Resources */,
			);
			buildRules = (
			);
			dependencies = (
			);
			fileSystemSynchronizedGroups = (
				A1E6AA2C2F12A83D0076F70D /* SwiftSuper */,
			);
			name = SwiftSuper;
			packageProductDependencies = (
				A1E6AA502F12C41F0076F70D /* Core */,
				A1E6AA532F12C4340076F70D /* Books */,
				A1E6AA562F12C4570076F70D /* PrayerTime */,
				A19946012F12D5E800E0D76E /* Core */,
				A199460C2F12D8A800E0D76E /* Books */,
				A10D05EA2F12DB9900C5E7CD /* PrayerTime */,
			);
			productName = SwiftSuper;
			productReference = A1E6AA2A2F12A83D0076F70D /* SwiftSuper.app */;
			productType = "com.apple.product-type.application";
		};
/* End PBXNativeTarget section */

/* Begin PBXProject section */
		A1E6AA222F12A83D0076F70D /* Project object */ = {
			isa = PBXProject;
			attributes = {
				BuildIndependentTargetsInParallel = 1;
				LastSwiftUpdateCheck = 2620;
				LastUpgradeCheck = 2620;
				TargetAttributes = {
					A1E6AA292F12A83D0076F70D = {
						CreatedOnToolsVersion = 26.2;
					};
				};
			};
			buildConfigurationList = A1E6AA252F12A83D0076F70D /* Build configuration list for PBXProject "SwiftSuper" */;
			developmentRegion = en;
			hasScannedForEncodings = 0;
			knownRegions = (
				en,
				Base,
			);
			mainGroup = A1E6AA212F12A83D0076F70D;
			minimizedProjectReferenceProxies = 1;
			packageReferences = (
				A19946002F12D5E800E0D76E /* XCRemoteSwiftPackageReference "Core" */,
				A199460B2F12D8A800E0D76E /* XCRemoteSwiftPackageReference "Books" */,
				A10D05E92F12DB9900C5E7CD /* XCRemoteSwiftPackageReference "PrayerTime" */,
			);
			preferredProjectObjectVersion = 77;
			productRefGroup = A1E6AA2B2F12A83D0076F70D /* Products */;
			projectDirPath = "";
			projectRoot = "";
			targets = (
				A1E6AA292F12A83D0076F70D /* SwiftSuper */,
			);
		};
/* End PBXProject section */

/* Begin PBXResourcesBuildPhase section */
		A1E6AA282F12A83D0076F70D /* Resources */ = {
			isa = PBXResourcesBuildPhase;
			buildActionMask = 2147483647;
			files = (
				E52E2CAB214AC46C6EEB0D20 /* PrivacyInfo.xcprivacy in Resources */,
			);
			runOnlyForDeploymentPostprocessing = 0;
		};
/* End PBXResourcesBuildPhase section */

/* Begin PBXShellScriptBuildPhase section */
		193CC3331E2081FC1031FEF4 /* [CP] Copy Pods Resources */ = {
			isa = PBXShellScriptBuildPhase;
			buildActionMask = 2147483647;
			files = (
			);
			inputFileListPaths = (
				"${PODS_ROOT}/Target Support Files/Pods-SwiftSuper/Pods-SwiftSuper-resources-${CONFIGURATION}-input-files.xcfilelist",
			);
			inputPaths = (
			);
			name = "[CP] Copy Pods Resources";
			outputFileListPaths = (
				"${PODS_ROOT}/Target Support Files/Pods-SwiftSuper/Pods-SwiftSuper-resources-${CONFIGURATION}-output-files.xcfilelist",
			);
			outputPaths = (
			);
			runOnlyForDeploymentPostprocessing = 0;
			shellPath = /bin/sh;
			shellScript = "\"${PODS_ROOT}/Target Support Files/Pods-SwiftSuper/Pods-SwiftSuper-resources.sh\"\n";
			showEnvVarsInLog = 0;
		};
		5EDC1B1BB808A68D349BF5F4 /* [CP] Embed Pods Frameworks */ = {
			isa = PBXShellScriptBuildPhase;
			buildActionMask = 2147483647;
			files = (
			);
			inputFileListPaths = (
				"${PODS_ROOT}/Target Support Files/Pods-SwiftSuper/Pods-SwiftSuper-frameworks-${CONFIGURATION}-input-files.xcfilelist",
			);
			inputPaths = (
			);
			name = "[CP] Embed Pods Frameworks";
			outputFileListPaths = (
				"${PODS_ROOT}/Target Support Files/Pods-SwiftSuper/Pods-SwiftSuper-frameworks-${CONFIGURATION}-output-files.xcfilelist",
			);
			outputPaths = (
			);
			runOnlyForDeploymentPostprocessing = 0;
			shellPath = /bin/sh;
			shellScript = "\"${PODS_ROOT}/Target Support Files/Pods-SwiftSuper/Pods-SwiftSuper-frameworks.sh\"\n";
			showEnvVarsInLog = 0;
		};
		E6B78FBDD5A48A5AA66D09B2 /* [CP] Check Pods Manifest.lock */ = {
			isa = PBXShellScriptBuildPhase;
			buildActionMask = 2147483647;
			files = (
			);
			inputFileListPaths = (
			);
			inputPaths = (
				"${PODS_PODFILE_DIR_PATH}/Podfile.lock",
				"${PODS_ROOT}/Manifest.lock",
			);
			name = "[CP] Check Pods Manifest.lock";
			outputFileListPaths = (
			);
			outputPaths = (
				"$(DERIVED_FILE_DIR)/Pods-SwiftSuper-checkManifestLockResult.txt",
			);
			runOnlyForDeploymentPostprocessing = 0;
			shellPath = /bin/sh;
			shellScript = "diff \"${PODS_PODFILE_DIR_PATH}/Podfile.lock\" \"${PODS_ROOT}/Manifest.lock\" > /dev/null\nif [ $? != 0 ] ; then\n    # print error to STDERR\n    echo \"error: The sandbox is not in sync with the Podfile.lock. Run 'pod install' or update your CocoaPods installation.\" >&2\n    exit 1\nfi\n# This output is used by Xcode 'outputs' to avoid re-running this script phase.\necho \"SUCCESS\" > \"${SCRIPT_OUTPUT_FILE_0}\"\n";
			showEnvVarsInLog = 0;
		};
/* End PBXShellScriptBuildPhase section */

/* Begin PBXSourcesBuildPhase section */
		A1E6AA262F12A83D0076F70D /* Sources */ = {
			isa = PBXSourcesBuildPhase;
			buildActionMask = 2147483647;
			files = (
			);
			runOnlyForDeploymentPostprocessing = 0;
		};
/* End PBXSourcesBuildPhase section */

/* Begin XCBuildConfiguration section */
		A1E6AA332F12A83E0076F70D /* Debug */ = {
			isa = XCBuildConfiguration;
			buildSettings = {
				ALWAYS_SEARCH_USER_PATHS = NO;
				ASSETCATALOG_COMPILER_GENERATE_SWIFT_ASSET_SYMBOL_EXTENSIONS = YES;
				CLANG_ANALYZER_NONNULL = YES;
				CLANG_ANALYZER_NUMBER_OBJECT_CONVERSION = YES_AGGRESSIVE;
				CLANG_CXX_LANGUAGE_STANDARD = "c++20";
				CLANG_ENABLE_MODULES = YES;
				CLANG_ENABLE_OBJC_ARC = YES;
				CLANG_ENABLE_OBJC_WEAK = YES;
				CLANG_WARN_BLOCK_CAPTURE_AUTORELEASING = YES;
				CLANG_WARN_BOOL_CONVERSION = YES;
				CLANG_WARN_COMMA = YES;
				CLANG_WARN_CONSTANT_CONVERSION = YES;
				CLANG_WARN_DEPRECATED_OBJC_IMPLEMENTATIONS = YES;
				CLANG_WARN_DIRECT_OBJC_ISA_USAGE = YES_ERROR;
				CLANG_WARN_DOCUMENTATION_COMMENTS = YES;
				CLANG_WARN_EMPTY_BODY = YES;
				CLANG_WARN_ENUM_CONVERSION = YES;
				CLANG_WARN_INFINITE_RECURSION = YES;
				CLANG_WARN_INT_CONVERSION = YES;
				CLANG_WARN_NON_LITERAL_NULL_CONVERSION = YES;
				CLANG_WARN_OBJC_IMPLICIT_RETAIN_SELF = YES;
				CLANG_WARN_OBJC_LITERAL_CONVERSION = YES;
				CLANG_WARN_OBJC_ROOT_CLASS = YES_ERROR;
				CLANG_WARN_QUOTED_INCLUDE_IN_FRAMEWORK_HEADER = YES;
				CLANG_WARN_RANGE_LOOP_ANALYSIS = YES;
				CLANG_WARN_STRICT_PROTOTYPES = YES;
				CLANG_WARN_SUSPICIOUS_MOVE = YES;
				CLANG_WARN_UNGUARDED_AVAILABILITY = YES_AGGRESSIVE;
				CLANG_WARN_UNREACHABLE_CODE = YES;
				CLANG_WARN__DUPLICATE_METHOD_MATCH = YES;
				COPY_PHASE_STRIP = NO;
				DEBUG_INFORMATION_FORMAT = dwarf;
				ENABLE_STRICT_OBJC_MSGSEND = YES;
				ENABLE_TESTABILITY = YES;
				ENABLE_USER_SCRIPT_SANDBOXING = NO;
				GCC_C_LANGUAGE_STANDARD = gnu17;
				GCC_DYNAMIC_NO_PIC = NO;
				GCC_NO_COMMON_BLOCKS = YES;
				GCC_OPTIMIZATION_LEVEL = 0;
				GCC_PREPROCESSOR_DEFINITIONS = (
					"DEBUG=1",
					"$(inherited)",
				);
				GCC_WARN_64_TO_32_BIT_CONVERSION = YES;
				GCC_WARN_ABOUT_RETURN_TYPE = YES_ERROR;
				GCC_WARN_UNDECLARED_SELECTOR = YES;
				GCC_WARN_UNINITIALIZED_AUTOS = YES_AGGRESSIVE;
				GCC_WARN_UNUSED_FUNCTION = YES;
				GCC_WARN_UNUSED_VARIABLE = YES;
				HEADER_SEARCH_PATHS = (
					"$(inherited)",
					"${PODS_CONFIGURATION_BUILD_DIR}/ReactCommon/ReactCommon.framework/Headers",
					"${PODS_CONFIGURATION_BUILD_DIR}/ReactCommon/ReactCommon.framework/Headers/react/nativemodule/core",
					"${PODS_CONFIGURATION_BUILD_DIR}/React-runtimeexecutor/React_runtimeexecutor.framework/Headers",
					"${PODS_CONFIGURATION_BUILD_DIR}/React-runtimeexecutor/React_runtimeexecutor.framework/Headers/platform/ios",
					"${PODS_CONFIGURATION_BUILD_DIR}/ReactCommon-Samples/ReactCommon_Samples.framework/Headers",
					"${PODS_CONFIGURATION_BUILD_DIR}/ReactCommon-Samples/ReactCommon_Samples.framework/Headers/platform/ios",
					"${PODS_CONFIGURATION_BUILD_DIR}/React-Fabric/React_Fabric.framework/Headers/react/renderer/components/view/platform/cxx",
					"${PODS_CONFIGURATION_BUILD_DIR}/React-NativeModulesApple/React_NativeModulesApple.framework/Headers",
					"${PODS_CONFIGURATION_BUILD_DIR}/React-graphics/React_graphics.framework/Headers",
					"${PODS_CONFIGURATION_BUILD_DIR}/React-graphics/React_graphics.framework/Headers/react/renderer/graphics/platform/ios",
				);
				LOCALIZATION_PREFERS_STRING_CATALOGS = YES;
				MTL_ENABLE_DEBUG_INFO = INCLUDE_SOURCE;
				MTL_FAST_MATH = YES;
				ONLY_ACTIVE_ARCH = YES;
				OTHER_CFLAGS = "$(inherited)";
				OTHER_CPLUSPLUSFLAGS = "$(inherited)";
				REACT_NATIVE_PATH = "${PODS_ROOT}/../node_modules/react-native";
				SWIFT_ACTIVE_COMPILATION_CONDITIONS = "$(inherited) DEBUG";
				SWIFT_OPTIMIZATION_LEVEL = "-Onone";
				USE_HERMES = true;
			};
			name = Debug;
		};
		A1E6AA342F12A83E0076F70D /* Release */ = {
			isa = XCBuildConfiguration;
			buildSettings = {
				ALWAYS_SEARCH_USER_PATHS = NO;
				ASSETCATALOG_COMPILER_GENERATE_SWIFT_ASSET_SYMBOL_EXTENSIONS = YES;
				CLANG_ANALYZER_NONNULL = YES;
				CLANG_ANALYZER_NUMBER_OBJECT_CONVERSION = YES_AGGRESSIVE;
				CLANG_CXX_LANGUAGE_STANDARD = "c++20";
				CLANG_ENABLE_MODULES = YES;
				CLANG_ENABLE_OBJC_ARC = YES;
				CLANG_ENABLE_OBJC_WEAK = YES;
				CLANG_WARN_BLOCK_CAPTURE_AUTORELEASING = YES;
				CLANG_WARN_BOOL_CONVERSION = YES;
				CLANG_WARN_COMMA = YES;
				CLANG_WARN_CONSTANT_CONVERSION = YES;
				CLANG_WARN_DEPRECATED_OBJC_IMPLEMENTATIONS = YES;
				CLANG_WARN_DIRECT_OBJC_ISA_USAGE = YES_ERROR;
				CLANG_WARN_DOCUMENTATION_COMMENTS = YES;
				CLANG_WARN_EMPTY_BODY = YES;
				CLANG_WARN_ENUM_CONVERSION = YES;
				CLANG_WARN_INFINITE_RECURSION = YES;
				CLANG_WARN_INT_CONVERSION = YES;
				CLANG_WARN_NON_LITERAL_NULL_CONVERSION = YES;
				CLANG_WARN_OBJC_IMPLICIT_RETAIN_SELF = YES;
				CLANG_WARN_OBJC_LITERAL_CONVERSION = YES;
				CLANG_WARN_OBJC_ROOT_CLASS = YES_ERROR;
				CLANG_WARN_QUOTED_INCLUDE_IN_FRAMEWORK_HEADER = YES;
				CLANG_WARN_RANGE_LOOP_ANALYSIS = YES;
				CLANG_WARN_STRICT_PROTOTYPES = YES;
				CLANG_WARN_SUSPICIOUS_MOVE = YES;
				CLANG_WARN_UNGUARDED_AVAILABILITY = YES_AGGRESSIVE;
				CLANG_WARN_UNREACHABLE_CODE = YES;
				CLANG_WARN__DUPLICATE_METHOD_MATCH = YES;
				COPY_PHASE_STRIP = NO;
				DEBUG_INFORMATION_FORMAT = "dwarf-with-dsym";
				ENABLE_NS_ASSERTIONS = NO;
				ENABLE_STRICT_OBJC_MSGSEND = YES;
				ENABLE_USER_SCRIPT_SANDBOXING = NO;
				GCC_C_LANGUAGE_STANDARD = gnu17;
				GCC_NO_COMMON_BLOCKS = YES;
				GCC_WARN_64_TO_32_BIT_CONVERSION = YES;
				GCC_WARN_ABOUT_RETURN_TYPE = YES_ERROR;
				GCC_WARN_UNDECLARED_SELECTOR = YES;
				GCC_WARN_UNINITIALIZED_AUTOS = YES_AGGRESSIVE;
				GCC_WARN_UNUSED_FUNCTION = YES;
				GCC_WARN_UNUSED_VARIABLE = YES;
				HEADER_SEARCH_PATHS = (
					"$(inherited)",
					"${PODS_CONFIGURATION_BUILD_DIR}/ReactCommon/ReactCommon.framework/Headers",
					"${PODS_CONFIGURATION_BUILD_DIR}/ReactCommon/ReactCommon.framework/Headers/react/nativemodule/core",
					"${PODS_CONFIGURATION_BUILD_DIR}/React-runtimeexecutor/React_runtimeexecutor.framework/Headers",
					"${PODS_CONFIGURATION_BUILD_DIR}/React-runtimeexecutor/React_runtimeexecutor.framework/Headers/platform/ios",
					"${PODS_CONFIGURATION_BUILD_DIR}/ReactCommon-Samples/ReactCommon_Samples.framework/Headers",
					"${PODS_CONFIGURATION_BUILD_DIR}/ReactCommon-Samples/ReactCommon_Samples.framework/Headers/platform/ios",
					"${PODS_CONFIGURATION_BUILD_DIR}/React-Fabric/React_Fabric.framework/Headers/react/renderer/components/view/platform/cxx",
					"${PODS_CONFIGURATION_BUILD_DIR}/React-NativeModulesApple/React_NativeModulesApple.framework/Headers",
					"${PODS_CONFIGURATION_BUILD_DIR}/React-graphics/React_graphics.framework/Headers",
					"${PODS_CONFIGURATION_BUILD_DIR}/React-graphics/React_graphics.framework/Headers/react/renderer/graphics/platform/ios",
				);
				LOCALIZATION_PREFERS_STRING_CATALOGS = YES;
				MTL_ENABLE_DEBUG_INFO = NO;
				MTL_FAST_MATH = YES;
				OTHER_CFLAGS = "$(inherited)";
				OTHER_CPLUSPLUSFLAGS = "$(inherited)";
				REACT_NATIVE_PATH = "${PODS_ROOT}/../node_modules/react-native";
				SWIFT_COMPILATION_MODE = wholemodule;
				USE_HERMES = true;
			};
			name = Release;
		};
		A1E6AA362F12A83E0076F70D /* Debug */ = {
			isa = XCBuildConfiguration;
			baseConfigurationReference = C51371971752CE953BB8D079 /* Pods-SwiftSuper.debug.xcconfig */;
			buildSettings = {
				ASSETCATALOG_COMPILER_APPICON_NAME = AppIcon;
				ASSETCATALOG_COMPILER_GLOBAL_ACCENT_COLOR_NAME = AccentColor;
				CODE_SIGN_STYLE = Automatic;
				CURRENT_PROJECT_VERSION = 1;
				ENABLE_APP_SANDBOX = YES;
				ENABLE_PREVIEWS = YES;
				ENABLE_USER_SELECTED_FILES = readonly;
				GENERATE_INFOPLIST_FILE = YES;
				"INFOPLIST_KEY_UIApplicationSceneManifest_Generation[sdk=iphoneos*]" = YES;
				"INFOPLIST_KEY_UIApplicationSceneManifest_Generation[sdk=iphonesimulator*]" = YES;
				"INFOPLIST_KEY_UIApplicationSupportsIndirectInputEvents[sdk=iphoneos*]" = YES;
				"INFOPLIST_KEY_UIApplicationSupportsIndirectInputEvents[sdk=iphonesimulator*]" = YES;
				"INFOPLIST_KEY_UILaunchScreen_Generation[sdk=iphoneos*]" = YES;
				"INFOPLIST_KEY_UILaunchScreen_Generation[sdk=iphonesimulator*]" = YES;
				"INFOPLIST_KEY_UIStatusBarStyle[sdk=iphoneos*]" = UIStatusBarStyleDefault;
				"INFOPLIST_KEY_UIStatusBarStyle[sdk=iphonesimulator*]" = UIStatusBarStyleDefault;
				INFOPLIST_KEY_UISupportedInterfaceOrientations_iPad = "UIInterfaceOrientationPortrait UIInterfaceOrientationPortraitUpsideDown UIInterfaceOrientationLandscapeLeft UIInterfaceOrientationLandscapeRight";
				INFOPLIST_KEY_UISupportedInterfaceOrientations_iPhone = "UIInterfaceOrientationPortrait UIInterfaceOrientationLandscapeLeft UIInterfaceOrientationLandscapeRight";
				IPHONEOS_DEPLOYMENT_TARGET = 26.2;
				LD_RUNPATH_SEARCH_PATHS = "@executable_path/Frameworks";
				"LD_RUNPATH_SEARCH_PATHS[sdk=macosx*]" = "@executable_path/../Frameworks";
				MACOSX_DEPLOYMENT_TARGET = 26.2;
				MARKETING_VERSION = 1.0;
				PRODUCT_BUNDLE_IDENTIFIER = com.poc.SwiftSuper;
				PRODUCT_NAME = "$(TARGET_NAME)";
				REGISTER_APP_GROUPS = YES;
				SDKROOT = auto;
				STRING_CATALOG_GENERATE_SYMBOLS = YES;
				SUPPORTED_PLATFORMS = "iphoneos iphonesimulator macosx xros xrsimulator";
				SWIFT_APPROACHABLE_CONCURRENCY = YES;
				SWIFT_DEFAULT_ACTOR_ISOLATION = MainActor;
				SWIFT_EMIT_LOC_STRINGS = YES;
				SWIFT_UPCOMING_FEATURE_MEMBER_IMPORT_VISIBILITY = YES;
				SWIFT_VERSION = 5.0;
				TARGETED_DEVICE_FAMILY = "1,2,7";
				XROS_DEPLOYMENT_TARGET = 26.2;
			};
			name = Debug;
		};
		A1E6AA372F12A83E0076F70D /* Release */ = {
			isa = XCBuildConfiguration;
			baseConfigurationReference = 5BF32215B5B22709F541BB6F /* Pods-SwiftSuper.release.xcconfig */;
			buildSettings = {
				ASSETCATALOG_COMPILER_APPICON_NAME = AppIcon;
				ASSETCATALOG_COMPILER_GLOBAL_ACCENT_COLOR_NAME = AccentColor;
				CODE_SIGN_STYLE = Automatic;
				CURRENT_PROJECT_VERSION = 1;
				ENABLE_APP_SANDBOX = YES;
				ENABLE_PREVIEWS = YES;
				ENABLE_USER_SELECTED_FILES = readonly;
				GENERATE_INFOPLIST_FILE = YES;
				"INFOPLIST_KEY_UIApplicationSceneManifest_Generation[sdk=iphoneos*]" = YES;
				"INFOPLIST_KEY_UIApplicationSceneManifest_Generation[sdk=iphonesimulator*]" = YES;
				"INFOPLIST_KEY_UIApplicationSupportsIndirectInputEvents[sdk=iphoneos*]" = YES;
				"INFOPLIST_KEY_UIApplicationSupportsIndirectInputEvents[sdk=iphonesimulator*]" = YES;
				"INFOPLIST_KEY_UILaunchScreen_Generation[sdk=iphoneos*]" = YES;
				"INFOPLIST_KEY_UILaunchScreen_Generation[sdk=iphonesimulator*]" = YES;
				"INFOPLIST_KEY_UIStatusBarStyle[sdk=iphoneos*]" = UIStatusBarStyleDefault;
				"INFOPLIST_KEY_UIStatusBarStyle[sdk=iphonesimulator*]" = UIStatusBarStyleDefault;
				INFOPLIST_KEY_UISupportedInterfaceOrientations_iPad = "UIInterfaceOrientationPortrait UIInterfaceOrientationPortraitUpsideDown UIInterfaceOrientationLandscapeLeft UIInterfaceOrientationLandscapeRight";
				INFOPLIST_KEY_UISupportedInterfaceOrientations_iPhone = "UIInterfaceOrientationPortrait UIInterfaceOrientationLandscapeLeft UIInterfaceOrientationLandscapeRight";
				IPHONEOS_DEPLOYMENT_TARGET = 26.2;
				LD_RUNPATH_SEARCH_PATHS = "@executable_path/Frameworks";
				"LD_RUNPATH_SEARCH_PATHS[sdk=macosx*]" = "@executable_path/../Frameworks";
				MACOSX_DEPLOYMENT_TARGET = 26.2;
				MARKETING_VERSION = 1.0;
				PRODUCT_BUNDLE_IDENTIFIER = com.poc.SwiftSuper;
				PRODUCT_NAME = "$(TARGET_NAME)";
				REGISTER_APP_GROUPS = YES;
				SDKROOT = auto;
				STRING_CATALOG_GENERATE_SYMBOLS = YES;
				SUPPORTED_PLATFORMS = "iphoneos iphonesimulator macosx xros xrsimulator";
				SWIFT_APPROACHABLE_CONCURRENCY = YES;
				SWIFT_DEFAULT_ACTOR_ISOLATION = MainActor;
				SWIFT_EMIT_LOC_STRINGS = YES;
				SWIFT_UPCOMING_FEATURE_MEMBER_IMPORT_VISIBILITY = YES;
				SWIFT_VERSION = 5.0;
				TARGETED_DEVICE_FAMILY = "1,2,7";
				XROS_DEPLOYMENT_TARGET = 26.2;
			};
			name = Release;
		};
/* End XCBuildConfiguration section */

/* Begin XCConfigurationList section */
		A1E6AA252F12A83D0076F70D /* Build configuration list for PBXProject "SwiftSuper" */ = {
			isa = XCConfigurationList;
			buildConfigurations = (
				A1E6AA332F12A83E0076F70D /* Debug */,
				A1E6AA342F12A83E0076F70D /* Release */,
			);
			defaultConfigurationIsVisible = 0;
			defaultConfigurationName = Release;
		};
		A1E6AA352F12A83E0076F70D /* Build configuration list for PBXNativeTarget "SwiftSuper" */ = {
			isa = XCConfigurationList;
			buildConfigurations = (
				A1E6AA362F12A83E0076F70D /* Debug */,
				A1E6AA372F12A83E0076F70D /* Release */,
			);
			defaultConfigurationIsVisible = 0;
			defaultConfigurationName = Release;
		};
/* End XCConfigurationList section */

/* Begin XCRemoteSwiftPackageReference section */
		A10D05E92F12DB9900C5E7CD /* XCRemoteSwiftPackageReference "PrayerTime" */ = {
			isa = XCRemoteSwiftPackageReference;
			repositoryURL = "https://github.com/sattasundar/PrayerTime";
			requirement = {
				branch = master;
				kind = branch;
			};
		};
		A19946002F12D5E800E0D76E /* XCRemoteSwiftPackageReference "Core" */ = {
			isa = XCRemoteSwiftPackageReference;
			repositoryURL = "https://github.com/sattasundar/Core.git";
			requirement = {
				branch = master;
				kind = branch;
			};
		};
		A199460B2F12D8A800E0D76E /* XCRemoteSwiftPackageReference "Books" */ = {
			isa = XCRemoteSwiftPackageReference;
			repositoryURL = "https://github.com/sattasundar/Books.git";
			requirement = {
				branch = master;
				kind = branch;
			};
		};
/* End XCRemoteSwiftPackageReference section */

/* Begin XCSwiftPackageProductDependency section */
		A10D05EA2F12DB9900C5E7CD /* PrayerTime */ = {
			isa = XCSwiftPackageProductDependency;
			package = A10D05E92F12DB9900C5E7CD /* XCRemoteSwiftPackageReference "PrayerTime" */;
			productName = PrayerTime;
		};
		A19946012F12D5E800E0D76E /* Core */ = {
			isa = XCSwiftPackageProductDependency;
			package = A19946002F12D5E800E0D76E /* XCRemoteSwiftPackageReference "Core" */;
			productName = Core;
		};
		A199460C2F12D8A800E0D76E /* Books */ = {
			isa = XCSwiftPackageProductDependency;
			package = A199460B2F12D8A800E0D76E /* XCRemoteSwiftPackageReference "Books" */;
			productName = Books;
		};
		A1E6AA502F12C41F0076F70D /* Core */ = {
			isa = XCSwiftPackageProductDependency;
			productName = Core;
		};
		A1E6AA532F12C4340076F70D /* Books */ = {
			isa = XCSwiftPackageProductDependency;
			productName = Books;
		};
		A1E6AA562F12C4570076F70D /* PrayerTime */ = {
			isa = XCSwiftPackageProductDependency;
			productName = PrayerTime;
		};
/* End XCSwiftPackageProductDependency section */
	};
	rootObject = A1E6AA222F12A83D0076F70D /* Project object */;
}
